github.com/creachadair/chirp v0.0.0-20231202184402-56ff8ead2962 h1:Nrh/lh9pQcHZxrvzxTcUERejAwsY5H0bUaGr02TID6s=
github.com/creachadair/chirp v0.0.0-20231202184402-56ff8ead2962/go.mod h1:c6bmNR+bCdAt/Ud3OfeDcZoybWqHMLtOx1i3EBBl/yM=
github.com/creachadair/ffs v0.0.3 h1:YTlpKVlfgLha8vjEjur/PTmFL6oslEvCZdum+mGIjiI=
github.com/creachadair/ffs v0.0.3/go.mod h1:ltShFsDe+G9tP6LhNtMBIu41mF/qEz3HP62Dmqm+Zzo=
github.com/creachadair/mds v0.3.1 h1:pvHUjQUuQs/X8/BkN6vPAlWcNkTB1fdut8kmpoteSTY=
github.com/creachadair/mds v0.3.1/go.mod h1:4vrFYUzTXMJpMBU+OA292I6IUxKWCCfZkgXg+/kBZMo=
github.com/creachadair/taskgroup v0.6.2 h1:HXG/o+lXMzYiD5OVudc/yF8WK/XzGAQkCOm80FcQKZY=
github.com/creachadair/taskgroup v0.6.2/go.mod h1:2vCkZ5a+HVcvDl3llMpox2lTw0+MSzrkGsddxRAHXOo=
github.com/fortytw2/leaktest v1.3.0 h1:u8491cBMTQ8ft8aeV+adlcytMZylmA5nnwwkRZjI8vw=
github.com/fortytw2/leaktest v1.3.0/go.mod h1:jDsjWgpAGjm2CA7WthBh/CdZYEPF31XHquHwclZch5g=
github.com/google/go-cmp v0.6.0 h1:ofyhxvXcZhMsU5ulbFiLKl/XBFqE1GSq7atu8tAmTRI=
github.com/google/go-cmp v0.6.0/go.mod h1:17dUlkBOakJ0+DkrSSNjCkIjxS6bF9zb3elmeNGIjoY=
