github.com/creachadair/chirp v0.0.0-20240106233957-cd4864454555 h1:XI7cwOTcch6QVmMDyzKh2FHCQv7sLwdGXu4L0mCLfkU=
github.com/creachadair/chirp v0.0.0-20240106233957-cd4864454555/go.mod h1:8QXWTHoc/CKtYwnlDrA1xueNu8vEc5OxTMkagSM48XE=
github.com/creachadair/ffs v0.1.1 h1:sZXRw95NqcOMhdMFrSGkzE1RZNhf4xUgegxcrPu59As=
github.com/creachadair/ffs v0.1.1/go.mod h1:1sBBNDHv4Zvqo51DeFx1o65GDYjaZPlhqD9zBD/86nI=
github.com/creachadair/mds v0.7.0 h1:7QoYqiPl18C0h7CLq9z9/qUH5Vr62V9677yJZHGLoQM=
github.com/creachadair/mds v0.7.0/go.mod h1:4vrFYUzTXMJpMBU+OA292I6IUxKWCCfZkgXg+/kBZMo=
github.com/creachadair/taskgroup v0.6.2 h1:HXG/o+lXMzYiD5OVudc/yF8WK/XzGAQkCOm80FcQKZY=
github.com/creachadair/taskgroup v0.6.2/go.mod h1:2vCkZ5a+HVcvDl3llMpox2lTw0+MSzrkGsddxRAHXOo=
github.com/fortytw2/leaktest v1.3.0 h1:u8491cBMTQ8ft8aeV+adlcytMZylmA5nnwwkRZjI8vw=
github.com/fortytw2/leaktest v1.3.0/go.mod h1:jDsjWgpAGjm2CA7WthBh/CdZYEPF31XHquHwclZch5g=
github.com/google/go-cmp v0.6.0 h1:ofyhxvXcZhMsU5ulbFiLKl/XBFqE1GSq7atu8tAmTRI=
github.com/google/go-cmp v0.6.0/go.mod h1:17dUlkBOakJ0+DkrSSNjCkIjxS6bF9zb3elmeNGIjoY=
